{
  "name": "Riddle",
  "lockfileVersion": 3,
  "requires": true,
  "packages": {
    "": {
      "dependencies": {
        "nj-library": "^1.0.5"
      }
    },
    "node_modules/nj-library": {
      "version": "1.0.5",
      "resolved": "https://registry.npmjs.org/nj-library/-/nj-library-1.0.5.tgz",
      "integrity": "sha512-fbvnIZkp2YC3WDtXflrI9Mn3oMUkAerU1OFpQWlhIKuuPcRIodU7Za7OEsfRGqxc/FnKn5IXHoQtjOD45I5VXg==",
      "license": "MIT"
    }
  }
}
